
Microsoft Visual Studio Solution File, Format Version 12.00
# Visual Studio Version 16
VisualStudioVersion = 16.0.32602.291
MinimumVisualStudioVersion = 10.0.40219.1
Project("{FC65038C-1B2F-41E1-A629-BED71D161FFF}") = "tmxProjectSalesPerSegment (CUS) [tmxProjectSalesPerSegment]", "tmxProjectSalesPerSegment\tmxProjectSalesPerSegment.rnrproj", "{EB89E582-CA5A-439A-9947-0A4CD636544A}"
EndProject
Global
	GlobalSection(SolutionConfigurationPlatforms) = preSolution
		Debug|Any CPU = Debug|Any CPU
	EndGlobalSection
	GlobalSection(ProjectConfigurationPlatforms) = postSolution
		{EB89E582-CA5A-439A-9947-0A4CD636544A}.Debug|Any CPU.ActiveCfg = Debug|Any CPU
		{EB89E582-CA5A-439A-9947-0A4CD636544A}.Debug|Any CPU.Build.0 = Debug|Any CPU
	EndGlobalSection
	GlobalSection(SolutionProperties) = preSolution
		HideSolutionNode = FALSE
	EndGlobalSection
	GlobalSection(ExtensibilityGlobals) = postSolution
		SolutionGuid = {E6302B27-3988-4B8D-A927-82BBDE5778EC}
	EndGlobalSection
EndGlobal
